
Microsoft Visual Studio Solution File, Format Version 12.00
# Visual Studio Version 17
VisualStudioVersion = 17.6.33723.286
MinimumVisualStudioVersion = 10.0.40219.1
Project("{FAE04EC0-301F-11D3-BF4B-00C04F79EFBC}") = "Ejercicio Presentacion", "Ejercicio Presentacion\Ejercicio Presentacion.csproj", "{92CDFC32-07EC-47B4-941E-37D5FA19D631}"
EndProject
Project("{FAE04EC0-301F-11D3-BF4B-00C04F79EFBC}") = "Datos", "Datos\Datos.csproj", "{32937027-01EB-4AB7-8988-AF6C7B6399F8}"
EndProject
Project("{FAE04EC0-301F-11D3-BF4B-00C04F79EFBC}") = "Negocio", "Negocio\Negocio.csproj", "{C25C89CB-E095-49F8-9160-1116AB83F3CD}"
EndProject
Project("{FAE04EC0-301F-11D3-BF4B-00C04F79EFBC}") = "Presentacion", "Presentacion\Presentacion.csproj", "{8BD22BBB-D92B-4874-9A01-65F6F4345CA4}"
EndProject
Global
	GlobalSection(SolutionConfigurationPlatforms) = preSolution
		Debug|Any CPU = Debug|Any CPU
		Release|Any CPU = Release|Any CPU
	EndGlobalSection
	GlobalSection(ProjectConfigurationPlatforms) = postSolution
		{92CDFC32-07EC-47B4-941E-37D5FA19D631}.Debug|Any CPU.ActiveCfg = Debug|Any CPU
		{92CDFC32-07EC-47B4-941E-37D5FA19D631}.Debug|Any CPU.Build.0 = Debug|Any CPU
		{92CDFC32-07EC-47B4-941E-37D5FA19D631}.Release|Any CPU.ActiveCfg = Release|Any CPU
		{92CDFC32-07EC-47B4-941E-37D5FA19D631}.Release|Any CPU.Build.0 = Release|Any CPU
		{32937027-01EB-4AB7-8988-AF6C7B6399F8}.Debug|Any CPU.ActiveCfg = Debug|Any CPU
		{32937027-01EB-4AB7-8988-AF6C7B6399F8}.Debug|Any CPU.Build.0 = Debug|Any CPU
		{32937027-01EB-4AB7-8988-AF6C7B6399F8}.Release|Any CPU.ActiveCfg = Release|Any CPU
		{32937027-01EB-4AB7-8988-AF6C7B6399F8}.Release|Any CPU.Build.0 = Release|Any CPU
		{C25C89CB-E095-49F8-9160-1116AB83F3CD}.Debug|Any CPU.ActiveCfg = Debug|Any CPU
		{C25C89CB-E095-49F8-9160-1116AB83F3CD}.Debug|Any CPU.Build.0 = Debug|Any CPU
		{C25C89CB-E095-49F8-9160-1116AB83F3CD}.Release|Any CPU.ActiveCfg = Release|Any CPU
		{C25C89CB-E095-49F8-9160-1116AB83F3CD}.Release|Any CPU.Build.0 = Release|Any CPU
		{8BD22BBB-D92B-4874-9A01-65F6F4345CA4}.Debug|Any CPU.ActiveCfg = Debug|Any CPU
		{8BD22BBB-D92B-4874-9A01-65F6F4345CA4}.Debug|Any CPU.Build.0 = Debug|Any CPU
		{8BD22BBB-D92B-4874-9A01-65F6F4345CA4}.Release|Any CPU.ActiveCfg = Release|Any CPU
		{8BD22BBB-D92B-4874-9A01-65F6F4345CA4}.Release|Any CPU.Build.0 = Release|Any CPU
	EndGlobalSection
	GlobalSection(SolutionProperties) = preSolution
		HideSolutionNode = FALSE
	EndGlobalSection
	GlobalSection(ExtensibilityGlobals) = postSolution
		SolutionGuid = {7799AAAF-C5AB-4A2E-AB10-C2E0C65EF437}
	EndGlobalSection
EndGlobal
